
Microsoft Visual Studio Solution File, Format Version 12.00
# Visual Studio 15
VisualStudioVersion = 15.0.27130.2036
MinimumVisualStudioVersion = 10.0.40219.1
Project("{FAE04EC0-301F-11D3-BF4B-00C04F79EFBC}") = "HelpDeskSupport", "HelpDeskSupport\HelpDeskSupport.csproj", "{CF029D93-AD7F-4EBC-A024-A84929F16B3D}"
EndProject
Global
	GlobalSection(SolutionConfigurationPlatforms) = preSolution
		Debug|Any CPU = Debug|Any CPU
		Release|Any CPU = Release|Any CPU
	EndGlobalSection
	GlobalSection(ProjectConfigurationPlatforms) = postSolution
		{CF029D93-AD7F-4EBC-A024-A84929F16B3D}.Debug|Any CPU.ActiveCfg = Debug|Any CPU
		{CF029D93-AD7F-4EBC-A024-A84929F16B3D}.Debug|Any CPU.Build.0 = Debug|Any CPU
		{CF029D93-AD7F-4EBC-A024-A84929F16B3D}.Release|Any CPU.ActiveCfg = Release|Any CPU
		{CF029D93-AD7F-4EBC-A024-A84929F16B3D}.Release|Any CPU.Build.0 = Release|Any CPU
	EndGlobalSection
	GlobalSection(SolutionProperties) = preSolution
		HideSolutionNode = FALSE
	EndGlobalSection
	GlobalSection(ExtensibilityGlobals) = postSolution
		SolutionGuid = {B2809CD3-65EA-435B-9C4C-0C899665F9DF}
	EndGlobalSection
EndGlobal
